// !$*UTF8*$!
{
	archiveVersion = 1;
	classes = {
	};
	objectVersion = 56;
	objects = {

/* Begin PBXBuildFile section */
		4E16FE5C296EBD8400F31E8B /* FollowerCell.swift in Sources */ = {isa = PBXBuildFile; fileRef = 4E16FE5B296EBD8400F31E8B /* FollowerCell.swift */; };
		4E16FE5E296EBE1A00F31E8B /* GFAvatarImageView.swift in Sources */ = {isa = PBXBuildFile; fileRef = 4E16FE5D296EBE1A00F31E8B /* GFAvatarImageView.swift */; };
		4E17EB1D296ABA420028F438 /* NetworkManager.swift in Sources */ = {isa = PBXBuildFile; fileRef = 4E17EB1C296ABA420028F438 /* NetworkManager.swift */; };
		4E17EB20296AC3900028F438 /* ErrorMessage.swift in Sources */ = {isa = PBXBuildFile; fileRef = 4E17EB1F296AC3900028F438 /* ErrorMessage.swift */; };
		4E3A533F29677F2E0037328A /* FollowerListVC.swift in Sources */ = {isa = PBXBuildFile; fileRef = 4E3A533E29677F2E0037328A /* FollowerListVC.swift */; };
		4E5F10462971731F00045B72 /* UIHelper.swift in Sources */ = {isa = PBXBuildFile; fileRef = 4E5F10452971731F00045B72 /* UIHelper.swift */; };
		4E5F1049297195F200045B72 /* GFEmptyStateView.swift in Sources */ = {isa = PBXBuildFile; fileRef = 4E5F1048297195F200045B72 /* GFEmptyStateView.swift */; };
		4EACF399296A338700FF0C14 /* Follower.swift in Sources */ = {isa = PBXBuildFile; fileRef = 4EACF398296A338700FF0C14 /* Follower.swift */; };
		4EACF39B296A342100FF0C14 /* User.swift in Sources */ = {isa = PBXBuildFile; fileRef = 4EACF39A296A342100FF0C14 /* User.swift */; };
		4EBBCB1B2968C21E00D07E2F /* GFTitleLabel.swift in Sources */ = {isa = PBXBuildFile; fileRef = 4EBBCB1A2968C21E00D07E2F /* GFTitleLabel.swift */; };
		4EBBCB1D2968CB5E00D07E2F /* GFBodyLabel.swift in Sources */ = {isa = PBXBuildFile; fileRef = 4EBBCB1C2968CB5E00D07E2F /* GFBodyLabel.swift */; };
		4EBBCB1F2968CD1200D07E2F /* GFAlertVC.swift in Sources */ = {isa = PBXBuildFile; fileRef = 4EBBCB1E2968CD1200D07E2F /* GFAlertVC.swift */; };
		4ECA4F53297442B80012A08E /* GFUserInfoHeaderVC.swift in Sources */ = {isa = PBXBuildFile; fileRef = 4ECA4F52297442B80012A08E /* GFUserInfoHeaderVC.swift */; };
		4ECB19BC2964B8580008737B /* AppDelegate.swift in Sources */ = {isa = PBXBuildFile; fileRef = 4ECB19BB2964B8580008737B /* AppDelegate.swift */; };
		4ECB19BE2964B8580008737B /* SceneDelegate.swift in Sources */ = {isa = PBXBuildFile; fileRef = 4ECB19BD2964B8580008737B /* SceneDelegate.swift */; };
		4ECB19C02964B8580008737B /* ViewController.swift in Sources */ = {isa = PBXBuildFile; fileRef = 4ECB19BF2964B8580008737B /* ViewController.swift */; };
		4ECB19C52964B85B0008737B /* Assets.xcassets in Resources */ = {isa = PBXBuildFile; fileRef = 4ECB19C42964B85B0008737B /* Assets.xcassets */; };
		4ECB19C82964B85B0008737B /* LaunchScreen.storyboard in Resources */ = {isa = PBXBuildFile; fileRef = 4ECB19C62964B85B0008737B /* LaunchScreen.storyboard */; };
		4ECB19D02964D1B40008737B /* SearchVC.swift in Sources */ = {isa = PBXBuildFile; fileRef = 4ECB19CF2964D1B40008737B /* SearchVC.swift */; };
		4ECB19D32964D2980008737B /* FavoritesList.swift in Sources */ = {isa = PBXBuildFile; fileRef = 4ECB19D22964D2980008737B /* FavoritesList.swift */; };
		4ECB19D6296636CA0008737B /* GFButton.swift in Sources */ = {isa = PBXBuildFile; fileRef = 4ECB19D5296636CA0008737B /* GFButton.swift */; };
		4ECB19D8296639C10008737B /* GFTextField.swift in Sources */ = {isa = PBXBuildFile; fileRef = 4ECB19D7296639C10008737B /* GFTextField.swift */; };
		4EE9F70F297381860092630C /* UserInfoVC.swift in Sources */ = {isa = PBXBuildFile; fileRef = 4EE9F70E297381860092630C /* UserInfoVC.swift */; };
		4EE9F71129738D1B0092630C /* GFSecondaryTitleLabel.swift in Sources */ = {isa = PBXBuildFile; fileRef = 4EE9F71029738D1B0092630C /* GFSecondaryTitleLabel.swift */; };
		4EF2DD6F29698F3B007F8C44 /* UIViewController+Ext.swift in Sources */ = {isa = PBXBuildFile; fileRef = 4EF2DD6E29698F3B007F8C44 /* UIViewController+Ext.swift */; };
		4EF962AF297621CB0081365B /* Constants.swift in Sources */ = {isa = PBXBuildFile; fileRef = 4EF962AE297621CB0081365B /* Constants.swift */; };
/* End PBXBuildFile section */

/* Begin PBXFileReference section */
		4E16FE5B296EBD8400F31E8B /* FollowerCell.swift */ = {isa = PBXFileReference; lastKnownFileType = sourcecode.swift; path = FollowerCell.swift; sourceTree = "<group>"; };
		4E16FE5D296EBE1A00F31E8B /* GFAvatarImageView.swift */ = {isa = PBXFileReference; lastKnownFileType = sourcecode.swift; path = GFAvatarImageView.swift; sourceTree = "<group>"; };
		4E17EB1C296ABA420028F438 /* NetworkManager.swift */ = {isa = PBXFileReference; lastKnownFileType = sourcecode.swift; path = NetworkManager.swift; sourceTree = "<group>"; };
		4E17EB1F296AC3900028F438 /* ErrorMessage.swift */ = {isa = PBXFileReference; lastKnownFileType = sourcecode.swift; path = ErrorMessage.swift; sourceTree = "<group>"; };
		4E3A533E29677F2E0037328A /* FollowerListVC.swift */ = {isa = PBXFileReference; lastKnownFileType = sourcecode.swift; path = FollowerListVC.swift; sourceTree = "<group>"; };
		4E5F10452971731F00045B72 /* UIHelper.swift */ = {isa = PBXFileReference; lastKnownFileType = sourcecode.swift; path = UIHelper.swift; sourceTree = "<group>"; };
		4E5F1048297195F200045B72 /* GFEmptyStateView.swift */ = {isa = PBXFileReference; lastKnownFileType = sourcecode.swift; path = GFEmptyStateView.swift; sourceTree = "<group>"; };
		4EACF398296A338700FF0C14 /* Follower.swift */ = {isa = PBXFileReference; lastKnownFileType = sourcecode.swift; path = Follower.swift; sourceTree = "<group>"; };
		4EACF39A296A342100FF0C14 /* User.swift */ = {isa = PBXFileReference; lastKnownFileType = sourcecode.swift; path = User.swift; sourceTree = "<group>"; };
		4EBBCB1A2968C21E00D07E2F /* GFTitleLabel.swift */ = {isa = PBXFileReference; lastKnownFileType = sourcecode.swift; path = GFTitleLabel.swift; sourceTree = "<group>"; };
		4EBBCB1C2968CB5E00D07E2F /* GFBodyLabel.swift */ = {isa = PBXFileReference; lastKnownFileType = sourcecode.swift; path = GFBodyLabel.swift; sourceTree = "<group>"; };
		4EBBCB1E2968CD1200D07E2F /* GFAlertVC.swift */ = {isa = PBXFileReference; lastKnownFileType = sourcecode.swift; path = GFAlertVC.swift; sourceTree = "<group>"; };
		4ECA4F52297442B80012A08E /* GFUserInfoHeaderVC.swift */ = {isa = PBXFileReference; lastKnownFileType = sourcecode.swift; path = GFUserInfoHeaderVC.swift; sourceTree = "<group>"; };
		4ECB19B82964B8580008737B /* GHFollowers.app */ = {isa = PBXFileReference; explicitFileType = wrapper.application; includeInIndex = 0; path = GHFollowers.app; sourceTree = BUILT_PRODUCTS_DIR; };
		4ECB19BB2964B8580008737B /* AppDelegate.swift */ = {isa = PBXFileReference; lastKnownFileType = sourcecode.swift; path = AppDelegate.swift; sourceTree = "<group>"; };
		4ECB19BD2964B8580008737B /* SceneDelegate.swift */ = {isa = PBXFileReference; lastKnownFileType = sourcecode.swift; path = SceneDelegate.swift; sourceTree = "<group>"; };
		4ECB19BF2964B8580008737B /* ViewController.swift */ = {isa = PBXFileReference; lastKnownFileType = sourcecode.swift; path = ViewController.swift; sourceTree = "<group>"; };
		4ECB19C42964B85B0008737B /* Assets.xcassets */ = {isa = PBXFileReference; lastKnownFileType = folder.assetcatalog; path = Assets.xcassets; sourceTree = "<group>"; };
		4ECB19C72964B85B0008737B /* Base */ = {isa = PBXFileReference; lastKnownFileType = file.storyboard; name = Base; path = Base.lproj/LaunchScreen.storyboard; sourceTree = "<group>"; };
		4ECB19C92964B85B0008737B /* Info.plist */ = {isa = PBXFileReference; lastKnownFileType = text.plist.xml; path = Info.plist; sourceTree = "<group>"; };
		4ECB19CF2964D1B40008737B /* SearchVC.swift */ = {isa = PBXFileReference; lastKnownFileType = sourcecode.swift; path = SearchVC.swift; sourceTree = "<group>"; };
		4ECB19D22964D2980008737B /* FavoritesList.swift */ = {isa = PBXFileReference; lastKnownFileType = sourcecode.swift; path = FavoritesList.swift; sourceTree = "<group>"; };
		4ECB19D5296636CA0008737B /* GFButton.swift */ = {isa = PBXFileReference; lastKnownFileType = sourcecode.swift; path = GFButton.swift; sourceTree = "<group>"; };
		4ECB19D7296639C10008737B /* GFTextField.swift */ = {isa = PBXFileReference; lastKnownFileType = sourcecode.swift; path = GFTextField.swift; sourceTree = "<group>"; };
		4EE9F70E297381860092630C /* UserInfoVC.swift */ = {isa = PBXFileReference; lastKnownFileType = sourcecode.swift; path = UserInfoVC.swift; sourceTree = "<group>"; };
		4EE9F71029738D1B0092630C /* GFSecondaryTitleLabel.swift */ = {isa = PBXFileReference; lastKnownFileType = sourcecode.swift; path = GFSecondaryTitleLabel.swift; sourceTree = "<group>"; };
		4EF2DD6E29698F3B007F8C44 /* UIViewController+Ext.swift */ = {isa = PBXFileReference; lastKnownFileType = sourcecode.swift; path = "UIViewController+Ext.swift"; sourceTree = "<group>"; };
		4EF962AE297621CB0081365B /* Constants.swift */ = {isa = PBXFileReference; lastKnownFileType = sourcecode.swift; path = Constants.swift; sourceTree = "<group>"; };
/* End PBXFileReference section */

/* Begin PBXFrameworksBuildPhase section */
		4ECB19B52964B8580008737B /* Frameworks */ = {
			isa = PBXFrameworksBuildPhase;
			buildActionMask = 2147483647;
			files = (
			);
			runOnlyForDeploymentPostprocessing = 0;
		};
/* End PBXFrameworksBuildPhase section */

/* Begin PBXGroup section */
		4E16FE5A296EBD6500F31E8B /* Cells */ = {
			isa = PBXGroup;
			children = (
				4E16FE5B296EBD8400F31E8B /* FollowerCell.swift */,
			);
			path = Cells;
			sourceTree = "<group>";
		};
		4E17EB1B296ABA360028F438 /* Managers */ = {
			isa = PBXGroup;
			children = (
				4E17EB1C296ABA420028F438 /* NetworkManager.swift */,
			);
			path = Managers;
			sourceTree = "<group>";
		};
		4E17EB1E296AC37D0028F438 /* Utilites */ = {
			isa = PBXGroup;
			children = (
				4E17EB1F296AC3900028F438 /* ErrorMessage.swift */,
				4E5F10452971731F00045B72 /* UIHelper.swift */,
				4EF962AE297621CB0081365B /* Constants.swift */,
			);
			path = Utilites;
			sourceTree = "<group>";
		};
		4E5F104729717DD900045B72 /* Subviews */ = {
			isa = PBXGroup;
			children = (
				4ECB19D5296636CA0008737B /* GFButton.swift */,
				4ECB19D7296639C10008737B /* GFTextField.swift */,
				4EBBCB1A2968C21E00D07E2F /* GFTitleLabel.swift */,
				4EBBCB1C2968CB5E00D07E2F /* GFBodyLabel.swift */,
				4E16FE5D296EBE1A00F31E8B /* GFAvatarImageView.swift */,
				4E5F1048297195F200045B72 /* GFEmptyStateView.swift */,
				4EE9F71029738D1B0092630C /* GFSecondaryTitleLabel.swift */,
			);
			path = Subviews;
			sourceTree = "<group>";
		};
		4EACF396296A32F700FF0C14 /* Support */ = {
			isa = PBXGroup;
			children = (
				4ECB19BB2964B8580008737B /* AppDelegate.swift */,
				4ECB19BD2964B8580008737B /* SceneDelegate.swift */,
				4ECB19C42964B85B0008737B /* Assets.xcassets */,
				4ECB19C62964B85B0008737B /* LaunchScreen.storyboard */,
			);
			path = Support;
			sourceTree = "<group>";
		};
		4EACF397296A336000FF0C14 /* Model */ = {
			isa = PBXGroup;
			children = (
				4EACF398296A338700FF0C14 /* Follower.swift */,
				4EACF39A296A342100FF0C14 /* User.swift */,
			);
			path = Model;
			sourceTree = "<group>";
		};
		4ECB19AF2964B8580008737B = {
			isa = PBXGroup;
			children = (
				4ECB19BA2964B8580008737B /* GHFollowers */,
				4ECB19B92964B8580008737B /* Products */,
			);
			sourceTree = "<group>";
		};
		4ECB19B92964B8580008737B /* Products */ = {
			isa = PBXGroup;
			children = (
				4ECB19B82964B8580008737B /* GHFollowers.app */,
			);
			name = Products;
			sourceTree = "<group>";
		};
		4ECB19BA2964B8580008737B /* GHFollowers */ = {
			isa = PBXGroup;
			children = (
				4E17EB1E296AC37D0028F438 /* Utilites */,
				4E17EB1B296ABA360028F438 /* Managers */,
				4EF2DD70296991A9007F8C44 /* Extensions */,
				4ECB19D12964D1BA0008737B /* Controllers */,
				4ECB19D4296636A70008737B /* Views */,
				4EACF397296A336000FF0C14 /* Model */,
				4ECB19C92964B85B0008737B /* Info.plist */,
				4EACF396296A32F700FF0C14 /* Support */,
			);
			path = GHFollowers;
			sourceTree = "<group>";
		};
		4ECB19D12964D1BA0008737B /* Controllers */ = {
			isa = PBXGroup;
			children = (
				4ECB19BF2964B8580008737B /* ViewController.swift */,
				4ECB19CF2964D1B40008737B /* SearchVC.swift */,
				4ECB19D22964D2980008737B /* FavoritesList.swift */,
				4E3A533E29677F2E0037328A /* FollowerListVC.swift */,
				4EE9F70E297381860092630C /* UserInfoVC.swift */,
				4ECA4F52297442B80012A08E /* GFUserInfoHeaderVC.swift */,
			);
			path = Controllers;
			sourceTree = "<group>";
		};
		4ECB19D4296636A70008737B /* Views */ = {
			isa = PBXGroup;
			children = (
				4E16FE5A296EBD6500F31E8B /* Cells */,
				4E5F104729717DD900045B72 /* Subviews */,
			);
			path = Views;
			sourceTree = "<group>";
		};
		4EF2DD70296991A9007F8C44 /* Extensions */ = {
			isa = PBXGroup;
			children = (
				4EF2DD6E29698F3B007F8C44 /* UIViewController+Ext.swift */,
				4EBBCB1E2968CD1200D07E2F /* GFAlertVC.swift */,
			);
			path = Extensions;
			sourceTree = "<group>";
		};
/* End PBXGroup section */

/* Begin PBXNativeTarget section */
		4ECB19B72964B8580008737B /* GHFollowers */ = {
			isa = PBXNativeTarget;
			buildConfigurationList = 4ECB19CC2964B85B0008737B /* Build configuration list for PBXNativeTarget "GHFollowers" */;
			buildPhases = (
				4ECB19B42964B8580008737B /* Sources */,
				4ECB19B52964B8580008737B /* Frameworks */,
				4ECB19B62964B8580008737B /* Resources */,
			);
			buildRules = (
			);
			dependencies = (
			);
			name = GHFollowers;
			productName = GHFollowers;
			productReference = 4ECB19B82964B8580008737B /* GHFollowers.app */;
			productType = "com.apple.product-type.application";
		};
/* End PBXNativeTarget section */

/* Begin PBXProject section */
		4ECB19B02964B8580008737B /* Project object */ = {
			isa = PBXProject;
			attributes = {
				BuildIndependentTargetsInParallel = 1;
				LastSwiftUpdateCheck = 1410;
				LastUpgradeCheck = 1410;
				TargetAttributes = {
					4ECB19B72964B8580008737B = {
						CreatedOnToolsVersion = 14.1;
					};
				};
			};
			buildConfigurationList = 4ECB19B32964B8580008737B /* Build configuration list for PBXProject "GHFollowers" */;
			compatibilityVersion = "Xcode 14.0";
			developmentRegion = en;
			hasScannedForEncodings = 0;
			knownRegions = (
				en,
				Base,
			);
			mainGroup = 4ECB19AF2964B8580008737B;
			productRefGroup = 4ECB19B92964B8580008737B /* Products */;
			projectDirPath = "";
			projectRoot = "";
			targets = (
				4ECB19B72964B8580008737B /* GHFollowers */,
			);
		};
/* End PBXProject section */

/* Begin PBXResourcesBuildPhase section */
		4ECB19B62964B8580008737B /* Resources */ = {
			isa = PBXResourcesBuildPhase;
			buildActionMask = 2147483647;
			files = (
				4ECB19C82964B85B0008737B /* LaunchScreen.storyboard in Resources */,
				4ECB19C52964B85B0008737B /* Assets.xcassets in Resources */,
			);
			runOnlyForDeploymentPostprocessing = 0;
		};
/* End PBXResourcesBuildPhase section */

/* Begin PBXSourcesBuildPhase section */
		4ECB19B42964B8580008737B /* Sources */ = {
			isa = PBXSourcesBuildPhase;
			buildActionMask = 2147483647;
			files = (
				4ECB19D32964D2980008737B /* FavoritesList.swift in Sources */,
				4ECB19D02964D1B40008737B /* SearchVC.swift in Sources */,
				4EF2DD6F29698F3B007F8C44 /* UIViewController+Ext.swift in Sources */,
				4ECB19D6296636CA0008737B /* GFButton.swift in Sources */,
				4ECB19C02964B8580008737B /* ViewController.swift in Sources */,
				4E5F1049297195F200045B72 /* GFEmptyStateView.swift in Sources */,
				4ECB19BC2964B8580008737B /* AppDelegate.swift in Sources */,
				4EACF39B296A342100FF0C14 /* User.swift in Sources */,
				4E16FE5C296EBD8400F31E8B /* FollowerCell.swift in Sources */,
				4E16FE5E296EBE1A00F31E8B /* GFAvatarImageView.swift in Sources */,
				4EBBCB1F2968CD1200D07E2F /* GFAlertVC.swift in Sources */,
				4EE9F70F297381860092630C /* UserInfoVC.swift in Sources */,
				4EACF399296A338700FF0C14 /* Follower.swift in Sources */,
				4ECB19BE2964B8580008737B /* SceneDelegate.swift in Sources */,
				4EBBCB1B2968C21E00D07E2F /* GFTitleLabel.swift in Sources */,
				4ECA4F53297442B80012A08E /* GFUserInfoHeaderVC.swift in Sources */,
				4EE9F71129738D1B0092630C /* GFSecondaryTitleLabel.swift in Sources */,
				4E3A533F29677F2E0037328A /* FollowerListVC.swift in Sources */,
				4E17EB20296AC3900028F438 /* ErrorMessage.swift in Sources */,
				4E5F10462971731F00045B72 /* UIHelper.swift in Sources */,
				4E17EB1D296ABA420028F438 /* NetworkManager.swift in Sources */,
				4ECB19D8296639C10008737B /* GFTextField.swift in Sources */,
				4EBBCB1D2968CB5E00D07E2F /* GFBodyLabel.swift in Sources */,
				4EF962AF297621CB0081365B /* Constants.swift in Sources */,
			);
			runOnlyForDeploymentPostprocessing = 0;
		};
/* End PBXSourcesBuildPhase section */

/* Begin PBXVariantGroup section */
		4ECB19C62964B85B0008737B /* LaunchScreen.storyboard */ = {
			isa = PBXVariantGroup;
			children = (
				4ECB19C72964B85B0008737B /* Base */,
			);
			name = LaunchScreen.storyboard;
			sourceTree = "<group>";
		};
/* End PBXVariantGroup section */

/* Begin XCBuildConfiguration section */
		4ECB19CA2964B85B0008737B /* Debug */ = {
			isa = XCBuildConfiguration;
			buildSettings = {
				ALWAYS_SEARCH_USER_PATHS = NO;
				CLANG_ANALYZER_NONNULL = YES;
				CLANG_ANALYZER_NUMBER_OBJECT_CONVERSION = YES_AGGRESSIVE;
				CLANG_CXX_LANGUAGE_STANDARD = "gnu++20";
				CLANG_ENABLE_MODULES = YES;
				CLANG_ENABLE_OBJC_ARC = YES;
				CLANG_ENABLE_OBJC_WEAK = YES;
				CLANG_WARN_BLOCK_CAPTURE_AUTORELEASING = YES;
				CLANG_WARN_BOOL_CONVERSION = YES;
				CLANG_WARN_COMMA = YES;
				CLANG_WARN_CONSTANT_CONVERSION = YES;
				CLANG_WARN_DEPRECATED_OBJC_IMPLEMENTATIONS = YES;
				CLANG_WARN_DIRECT_OBJC_ISA_USAGE = YES_ERROR;
				CLANG_WARN_DOCUMENTATION_COMMENTS = YES;
				CLANG_WARN_EMPTY_BODY = YES;
				CLANG_WARN_ENUM_CONVERSION = YES;
				CLANG_WARN_INFINITE_RECURSION = YES;
				CLANG_WARN_INT_CONVERSION = YES;
				CLANG_WARN_NON_LITERAL_NULL_CONVERSION = YES;
				CLANG_WARN_OBJC_IMPLICIT_RETAIN_SELF = YES;
				CLANG_WARN_OBJC_LITERAL_CONVERSION = YES;
				CLANG_WARN_OBJC_ROOT_CLASS = YES_ERROR;
				CLANG_WARN_QUOTED_INCLUDE_IN_FRAMEWORK_HEADER = YES;
				CLANG_WARN_RANGE_LOOP_ANALYSIS = YES;
				CLANG_WARN_STRICT_PROTOTYPES = YES;
				CLANG_WARN_SUSPICIOUS_MOVE = YES;
				CLANG_WARN_UNGUARDED_AVAILABILITY = YES_AGGRESSIVE;
				CLANG_WARN_UNREACHABLE_CODE = YES;
				CLANG_WARN__DUPLICATE_METHOD_MATCH = YES;
				COPY_PHASE_STRIP = NO;
				DEBUG_INFORMATION_FORMAT = dwarf;
				ENABLE_STRICT_OBJC_MSGSEND = YES;
				ENABLE_TESTABILITY = YES;
				GCC_C_LANGUAGE_STANDARD = gnu11;
				GCC_DYNAMIC_NO_PIC = NO;
				GCC_NO_COMMON_BLOCKS = YES;
				GCC_OPTIMIZATION_LEVEL = 0;
				GCC_PREPROCESSOR_DEFINITIONS = (
					"DEBUG=1",
					"$(inherited)",
				);
				GCC_WARN_64_TO_32_BIT_CONVERSION = YES;
				GCC_WARN_ABOUT_RETURN_TYPE = YES_ERROR;
				GCC_WARN_UNDECLARED_SELECTOR = YES;
				GCC_WARN_UNINITIALIZED_AUTOS = YES_AGGRESSIVE;
				GCC_WARN_UNUSED_FUNCTION = YES;
				GCC_WARN_UNUSED_VARIABLE = YES;
				IPHONEOS_DEPLOYMENT_TARGET = 16.1;
				MTL_ENABLE_DEBUG_INFO = INCLUDE_SOURCE;
				MTL_FAST_MATH = YES;
				ONLY_ACTIVE_ARCH = YES;
				SDKROOT = iphoneos;
				SWIFT_ACTIVE_COMPILATION_CONDITIONS = DEBUG;
				SWIFT_OPTIMIZATION_LEVEL = "-Onone";
			};
			name = Debug;
		};
		4ECB19CB2964B85B0008737B /* Release */ = {
			isa = XCBuildConfiguration;
			buildSettings = {
				ALWAYS_SEARCH_USER_PATHS = NO;
				CLANG_ANALYZER_NONNULL = YES;
				CLANG_ANALYZER_NUMBER_OBJECT_CONVERSION = YES_AGGRESSIVE;
				CLANG_CXX_LANGUAGE_STANDARD = "gnu++20";
				CLANG_ENABLE_MODULES = YES;
				CLANG_ENABLE_OBJC_ARC = YES;
				CLANG_ENABLE_OBJC_WEAK = YES;
				CLANG_WARN_BLOCK_CAPTURE_AUTORELEASING = YES;
				CLANG_WARN_BOOL_CONVERSION = YES;
				CLANG_WARN_COMMA = YES;
				CLANG_WARN_CONSTANT_CONVERSION = YES;
				CLANG_WARN_DEPRECATED_OBJC_IMPLEMENTATIONS = YES;
				CLANG_WARN_DIRECT_OBJC_ISA_USAGE = YES_ERROR;
				CLANG_WARN_DOCUMENTATION_COMMENTS = YES;
				CLANG_WARN_EMPTY_BODY = YES;
				CLANG_WARN_ENUM_CONVERSION = YES;
				CLANG_WARN_INFINITE_RECURSION = YES;
				CLANG_WARN_INT_CONVERSION = YES;
				CLANG_WARN_NON_LITERAL_NULL_CONVERSION = YES;
				CLANG_WARN_OBJC_IMPLICIT_RETAIN_SELF = YES;
				CLANG_WARN_OBJC_LITERAL_CONVERSION = YES;
				CLANG_WARN_OBJC_ROOT_CLASS = YES_ERROR;
				CLANG_WARN_QUOTED_INCLUDE_IN_FRAMEWORK_HEADER = YES;
				CLANG_WARN_RANGE_LOOP_ANALYSIS = YES;
				CLANG_WARN_STRICT_PROTOTYPES = YES;
				CLANG_WARN_SUSPICIOUS_MOVE = YES;
				CLANG_WARN_UNGUARDED_AVAILABILITY = YES_AGGRESSIVE;
				CLANG_WARN_UNREACHABLE_CODE = YES;
				CLANG_WARN__DUPLICATE_METHOD_MATCH = YES;
				COPY_PHASE_STRIP = NO;
				DEBUG_INFORMATION_FORMAT = "dwarf-with-dsym";
				ENABLE_NS_ASSERTIONS = NO;
				ENABLE_STRICT_OBJC_MSGSEND = YES;
				GCC_C_LANGUAGE_STANDARD = gnu11;
				GCC_NO_COMMON_BLOCKS = YES;
				GCC_WARN_64_TO_32_BIT_CONVERSION = YES;
				GCC_WARN_ABOUT_RETURN_TYPE = YES_ERROR;
				GCC_WARN_UNDECLARED_SELECTOR = YES;
				GCC_WARN_UNINITIALIZED_AUTOS = YES_AGGRESSIVE;
				GCC_WARN_UNUSED_FUNCTION = YES;
				GCC_WARN_UNUSED_VARIABLE = YES;
				IPHONEOS_DEPLOYMENT_TARGET = 16.1;
				MTL_ENABLE_DEBUG_INFO = NO;
				MTL_FAST_MATH = YES;
				SDKROOT = iphoneos;
				SWIFT_COMPILATION_MODE = wholemodule;
				SWIFT_OPTIMIZATION_LEVEL = "-O";
				VALIDATE_PRODUCT = YES;
			};
			name = Release;
		};
		4ECB19CD2964B85B0008737B /* Debug */ = {
			isa = XCBuildConfiguration;
			buildSettings = {
				ASSETCATALOG_COMPILER_APPICON_NAME = AppIcon;
				ASSETCATALOG_COMPILER_GLOBAL_ACCENT_COLOR_NAME = AccentColor;
				CODE_SIGN_STYLE = Automatic;
				CURRENT_PROJECT_VERSION = 1;
				DEVELOPMENT_TEAM = 5PVHGUKPAW;
				GENERATE_INFOPLIST_FILE = YES;
				INFOPLIST_FILE = GHFollowers/Info.plist;
				INFOPLIST_KEY_UIApplicationSupportsIndirectInputEvents = YES;
				INFOPLIST_KEY_UILaunchStoryboardName = LaunchScreen;
				INFOPLIST_KEY_UISupportedInterfaceOrientations = UIInterfaceOrientationPortrait;
				INFOPLIST_KEY_UISupportedInterfaceOrientations_iPad = "UIInterfaceOrientationLandscapeLeft UIInterfaceOrientationLandscapeRight UIInterfaceOrientationPortrait UIInterfaceOrientationPortraitUpsideDown";
				LD_RUNPATH_SEARCH_PATHS = (
					"$(inherited)",
					"@executable_path/Frameworks",
				);
				MARKETING_VERSION = 1.0;
				PRODUCT_BUNDLE_IDENTIFIER = com.CodingKovs.GHFollowers;
				PRODUCT_NAME = "$(TARGET_NAME)";
				SUPPORTED_PLATFORMS = "iphoneos iphonesimulator";
				SUPPORTS_MACCATALYST = NO;
				SUPPORTS_MAC_DESIGNED_FOR_IPHONE_IPAD = NO;
				SWIFT_EMIT_LOC_STRINGS = YES;
				SWIFT_VERSION = 5.0;
				TARGETED_DEVICE_FAMILY = 1;
			};
			name = Debug;
		};
		4ECB19CE2964B85B0008737B /* Release */ = {
			isa = XCBuildConfiguration;
			buildSettings = {
				ASSETCATALOG_COMPILER_APPICON_NAME = AppIcon;
				ASSETCATALOG_COMPILER_GLOBAL_ACCENT_COLOR_NAME = AccentColor;
				CODE_SIGN_STYLE = Automatic;
				CURRENT_PROJECT_VERSION = 1;
				DEVELOPMENT_TEAM = 5PVHGUKPAW;
				GENERATE_INFOPLIST_FILE = YES;
				INFOPLIST_FILE = GHFollowers/Info.plist;
				INFOPLIST_KEY_UIApplicationSupportsIndirectInputEvents = YES;
				INFOPLIST_KEY_UILaunchStoryboardName = LaunchScreen;
				INFOPLIST_KEY_UISupportedInterfaceOrientations = UIInterfaceOrientationPortrait;
				INFOPLIST_KEY_UISupportedInterfaceOrientations_iPad = "UIInterfaceOrientationLandscapeLeft UIInterfaceOrientationLandscapeRight UIInterfaceOrientationPortrait UIInterfaceOrientationPortraitUpsideDown";
				LD_RUNPATH_SEARCH_PATHS = (
					"$(inherited)",
					"@executable_path/Frameworks",
				);
				MARKETING_VERSION = 1.0;
				PRODUCT_BUNDLE_IDENTIFIER = com.CodingKovs.GHFollowers;
				PRODUCT_NAME = "$(TARGET_NAME)";
				SUPPORTED_PLATFORMS = "iphoneos iphonesimulator";
				SUPPORTS_MACCATALYST = NO;
				SUPPORTS_MAC_DESIGNED_FOR_IPHONE_IPAD = NO;
				SWIFT_EMIT_LOC_STRINGS = YES;
				SWIFT_VERSION = 5.0;
				TARGETED_DEVICE_FAMILY = 1;
			};
			name = Release;
		};
/* End XCBuildConfiguration section */

/* Begin XCConfigurationList section */
		4ECB19B32964B8580008737B /* Build configuration list for PBXProject "GHFollowers" */ = {
			isa = XCConfigurationList;
			buildConfigurations = (
				4ECB19CA2964B85B0008737B /* Debug */,
				4ECB19CB2964B85B0008737B /* Release */,
			);
			defaultConfigurationIsVisible = 0;
			defaultConfigurationName = Release;
		};
		4ECB19CC2964B85B0008737B /* Build configuration list for PBXNativeTarget "GHFollowers" */ = {
			isa = XCConfigurationList;
			buildConfigurations = (
				4ECB19CD2964B85B0008737B /* Debug */,
				4ECB19CE2964B85B0008737B /* Release */,
			);
			defaultConfigurationIsVisible = 0;
			defaultConfigurationName = Release;
		};
/* End XCConfigurationList section */
	};
	rootObject = 4ECB19B02964B8580008737B /* Project object */;
}
